// !$*UTF8*$!
{
	archiveVersion = 1;
	classes = {
	};
	objectVersion = 50;
	objects = {

/* Begin PBXBuildFile section */
		4F6C9DF528A4C7BA5B1FC5D1 /* Pods_303Evaluation.framework in Frameworks */ = {isa = PBXBuildFile; fileRef = 5692C0802AC1A7D4A2D0540E /* Pods_303Evaluation.framework */; };
		828A42852297726F00C2BCD7 /* JSONRestService.swift in Sources */ = {isa = PBXBuildFile; fileRef = 828A42842297726F00C2BCD7 /* JSONRestService.swift */; };
		828A42872297789C00C2BCD7 /* PeopleTableViewController.swift in Sources */ = {isa = PBXBuildFile; fileRef = 828A42862297789C00C2BCD7 /* PeopleTableViewController.swift */; };
		828A42892297817B00C2BCD7 /* PersonTableViewCell.swift in Sources */ = {isa = PBXBuildFile; fileRef = 828A42882297817B00C2BCD7 /* PersonTableViewCell.swift */; };
		82FF5B20229766A8004653A9 /* AppDelegate.swift in Sources */ = {isa = PBXBuildFile; fileRef = 82FF5B1F229766A8004653A9 /* AppDelegate.swift */; };
		82FF5B25229766A8004653A9 /* Main.storyboard in Resources */ = {isa = PBXBuildFile; fileRef = 82FF5B23229766A8004653A9 /* Main.storyboard */; };
		82FF5B27229766A9004653A9 /* Assets.xcassets in Resources */ = {isa = PBXBuildFile; fileRef = 82FF5B26229766A9004653A9 /* Assets.xcassets */; };
		82FF5B2A229766A9004653A9 /* LaunchScreen.storyboard in Resources */ = {isa = PBXBuildFile; fileRef = 82FF5B28229766A9004653A9 /* LaunchScreen.storyboard */; };
		82FF5B35229766A9004653A9 /* _03EvaluationTests.swift in Sources */ = {isa = PBXBuildFile; fileRef = 82FF5B34229766A9004653A9 /* _03EvaluationTests.swift */; };
		82FF5B40229766D7004653A9 /* AppModel.swift in Sources */ = {isa = PBXBuildFile; fileRef = 82FF5B3F229766D7004653A9 /* AppModel.swift */; };
/* End PBXBuildFile section */

/* Begin PBXContainerItemProxy section */
		82FF5B31229766A9004653A9 /* PBXContainerItemProxy */ = {
			isa = PBXContainerItemProxy;
			containerPortal = 82FF5B14229766A7004653A9 /* Project object */;
			proxyType = 1;
			remoteGlobalIDString = 82FF5B1B229766A7004653A9;
			remoteInfo = 303Evaluation;
		};
/* End PBXContainerItemProxy section */

/* Begin PBXFileReference section */
		04A2E151D3FB1EEB289C51F9 /* Pods-303Evaluation.release.xcconfig */ = {isa = PBXFileReference; includeInIndex = 1; lastKnownFileType = text.xcconfig; name = "Pods-303Evaluation.release.xcconfig"; path = "Target Support Files/Pods-303Evaluation/Pods-303Evaluation.release.xcconfig"; sourceTree = "<group>"; };
		5692C0802AC1A7D4A2D0540E /* Pods_303Evaluation.framework */ = {isa = PBXFileReference; explicitFileType = wrapper.framework; includeInIndex = 0; path = Pods_303Evaluation.framework; sourceTree = BUILT_PRODUCTS_DIR; };
		5AD882BC09A01B0CC6785786 /* Pods-303Evaluation.debug.xcconfig */ = {isa = PBXFileReference; includeInIndex = 1; lastKnownFileType = text.xcconfig; name = "Pods-303Evaluation.debug.xcconfig"; path = "Target Support Files/Pods-303Evaluation/Pods-303Evaluation.debug.xcconfig"; sourceTree = "<group>"; };
		828A42842297726F00C2BCD7 /* JSONRestService.swift */ = {isa = PBXFileReference; lastKnownFileType = sourcecode.swift; path = JSONRestService.swift; sourceTree = "<group>"; };
		828A42862297789C00C2BCD7 /* PeopleTableViewController.swift */ = {isa = PBXFileReference; lastKnownFileType = sourcecode.swift; path = PeopleTableViewController.swift; sourceTree = "<group>"; };
		828A42882297817B00C2BCD7 /* PersonTableViewCell.swift */ = {isa = PBXFileReference; lastKnownFileType = sourcecode.swift; path = PersonTableViewCell.swift; sourceTree = "<group>"; };
		82FF5B1C229766A8004653A9 /* 303Evaluation.app */ = {isa = PBXFileReference; explicitFileType = wrapper.application; includeInIndex = 0; path = 303Evaluation.app; sourceTree = BUILT_PRODUCTS_DIR; };
		82FF5B1F229766A8004653A9 /* AppDelegate.swift */ = {isa = PBXFileReference; lastKnownFileType = sourcecode.swift; path = AppDelegate.swift; sourceTree = "<group>"; };
		82FF5B24229766A8004653A9 /* Base */ = {isa = PBXFileReference; lastKnownFileType = file.storyboard; name = Base; path = Base.lproj/Main.storyboard; sourceTree = "<group>"; };
		82FF5B26229766A9004653A9 /* Assets.xcassets */ = {isa = PBXFileReference; lastKnownFileType = folder.assetcatalog; path = Assets.xcassets; sourceTree = "<group>"; };
		82FF5B29229766A9004653A9 /* Base */ = {isa = PBXFileReference; lastKnownFileType = file.storyboard; name = Base; path = Base.lproj/LaunchScreen.storyboard; sourceTree = "<group>"; };
		82FF5B2B229766A9004653A9 /* Info.plist */ = {isa = PBXFileReference; lastKnownFileType = text.plist.xml; path = Info.plist; sourceTree = "<group>"; };
		82FF5B30229766A9004653A9 /* 303EvaluationTests.xctest */ = {isa = PBXFileReference; explicitFileType = wrapper.cfbundle; includeInIndex = 0; path = 303EvaluationTests.xctest; sourceTree = BUILT_PRODUCTS_DIR; };
		82FF5B34229766A9004653A9 /* _03EvaluationTests.swift */ = {isa = PBXFileReference; lastKnownFileType = sourcecode.swift; path = _03EvaluationTests.swift; sourceTree = "<group>"; };
		82FF5B36229766AA004653A9 /* Info.plist */ = {isa = PBXFileReference; lastKnownFileType = text.plist.xml; path = Info.plist; sourceTree = "<group>"; };
		82FF5B3F229766D7004653A9 /* AppModel.swift */ = {isa = PBXFileReference; lastKnownFileType = sourcecode.swift; path = AppModel.swift; sourceTree = "<group>"; };
		82FF5B452297710A004653A9 /* Podfile */ = {isa = PBXFileReference; lastKnownFileType = text; path = Podfile; sourceTree = "<group>"; xcLanguageSpecificationIdentifier = xcode.lang.ruby; };
/* End PBXFileReference section */

/* Begin PBXFrameworksBuildPhase section */
		82FF5B19229766A7004653A9 /* Frameworks */ = {
			isa = PBXFrameworksBuildPhase;
			buildActionMask = 2147483647;
			files = (
				4F6C9DF528A4C7BA5B1FC5D1 /* Pods_303Evaluation.framework in Frameworks */,
			);
			runOnlyForDeploymentPostprocessing = 0;
		};
		82FF5B2D229766A9004653A9 /* Frameworks */ = {
			isa = PBXFrameworksBuildPhase;
			buildActionMask = 2147483647;
			files = (
			);
			runOnlyForDeploymentPostprocessing = 0;
		};
/* End PBXFrameworksBuildPhase section */

/* Begin PBXGroup section */
		12ABB72CF14A189B3BE8F5FC /* Frameworks */ = {
			isa = PBXGroup;
			children = (
				5692C0802AC1A7D4A2D0540E /* Pods_303Evaluation.framework */,
			);
			name = Frameworks;
			sourceTree = "<group>";
		};
		82FF5B13229766A7004653A9 = {
			isa = PBXGroup;
			children = (
				82FF5B452297710A004653A9 /* Podfile */,
				82FF5B1E229766A8004653A9 /* 303Evaluation */,
				82FF5B33229766A9004653A9 /* 303EvaluationTests */,
				82FF5B1D229766A8004653A9 /* Products */,
				CD1BDCD542779D5B5E0444AB /* Pods */,
				12ABB72CF14A189B3BE8F5FC /* Frameworks */,
			);
			sourceTree = "<group>";
		};
		82FF5B1D229766A8004653A9 /* Products */ = {
			isa = PBXGroup;
			children = (
				82FF5B1C229766A8004653A9 /* 303Evaluation.app */,
				82FF5B30229766A9004653A9 /* 303EvaluationTests.xctest */,
			);
			name = Products;
			sourceTree = "<group>";
		};
		82FF5B1E229766A8004653A9 /* 303Evaluation */ = {
			isa = PBXGroup;
			children = (
				82FF5B4422976ED9004653A9 /* Service */,
				82FF5B4322976EA7004653A9 /* Scene */,
				82FF5B4222976E83004653A9 /* View */,
				82FF5B4122976E58004653A9 /* Model */,
				82FF5B1F229766A8004653A9 /* AppDelegate.swift */,
				82FF5B26229766A9004653A9 /* Assets.xcassets */,
				82FF5B2B229766A9004653A9 /* Info.plist */,
			);
			path = 303Evaluation;
			sourceTree = "<group>";
		};
		82FF5B33229766A9004653A9 /* 303EvaluationTests */ = {
			isa = PBXGroup;
			children = (
				82FF5B34229766A9004653A9 /* _03EvaluationTests.swift */,
				82FF5B36229766AA004653A9 /* Info.plist */,
			);
			path = 303EvaluationTests;
			sourceTree = "<group>";
		};
		82FF5B4122976E58004653A9 /* Model */ = {
			isa = PBXGroup;
			children = (
				82FF5B3F229766D7004653A9 /* AppModel.swift */,
			);
			path = Model;
			sourceTree = "<group>";
		};
		82FF5B4222976E83004653A9 /* View */ = {
			isa = PBXGroup;
			children = (
				828A42862297789C00C2BCD7 /* PeopleTableViewController.swift */,
				828A42882297817B00C2BCD7 /* PersonTableViewCell.swift */,
			);
			path = View;
			sourceTree = "<group>";
		};
		82FF5B4322976EA7004653A9 /* Scene */ = {
			isa = PBXGroup;
			children = (
				82FF5B23229766A8004653A9 /* Main.storyboard */,
				82FF5B28229766A9004653A9 /* LaunchScreen.storyboard */,
			);
			path = Scene;
			sourceTree = "<group>";
		};
		82FF5B4422976ED9004653A9 /* Service */ = {
			isa = PBXGroup;
			children = (
				828A42842297726F00C2BCD7 /* JSONRestService.swift */,
			);
			path = Service;
			sourceTree = "<group>";
		};
		CD1BDCD542779D5B5E0444AB /* Pods */ = {
			isa = PBXGroup;
			children = (
				5AD882BC09A01B0CC6785786 /* Pods-303Evaluation.debug.xcconfig */,
				04A2E151D3FB1EEB289C51F9 /* Pods-303Evaluation.release.xcconfig */,
			);
			path = Pods;
			sourceTree = "<group>";
		};
/* End PBXGroup section */

/* Begin PBXNativeTarget section */
		82FF5B1B229766A7004653A9 /* 303Evaluation */ = {
			isa = PBXNativeTarget;
			buildConfigurationList = 82FF5B39229766AA004653A9 /* Build configuration list for PBXNativeTarget "303Evaluation" */;
			buildPhases = (
				BA4BDDE72AFCDD7B11DFD350 /* [CP] Check Pods Manifest.lock */,
				82FF5B18229766A7004653A9 /* Sources */,
				82FF5B19229766A7004653A9 /* Frameworks */,
				82FF5B1A229766A7004653A9 /* Resources */,
				35407A7706E85902CB79E236 /* [CP] Embed Pods Frameworks */,
			);
			buildRules = (
			);
			dependencies = (
			);
			name = 303Evaluation;
			productName = 303Evaluation;
			productReference = 82FF5B1C229766A8004653A9 /* 303Evaluation.app */;
			productType = "com.apple.product-type.application";
		};
		82FF5B2F229766A9004653A9 /* 303EvaluationTests */ = {
			isa = PBXNativeTarget;
			buildConfigurationList = 82FF5B3C229766AA004653A9 /* Build configuration list for PBXNativeTarget "303EvaluationTests" */;
			buildPhases = (
				82FF5B2C229766A9004653A9 /* Sources */,
				82FF5B2D229766A9004653A9 /* Frameworks */,
				82FF5B2E229766A9004653A9 /* Resources */,
			);
			buildRules = (
			);
			dependencies = (
				82FF5B32229766A9004653A9 /* PBXTargetDependency */,
			);
			name = 303EvaluationTests;
			productName = 303EvaluationTests;
			productReference = 82FF5B30229766A9004653A9 /* 303EvaluationTests.xctest */;
			productType = "com.apple.product-type.bundle.unit-test";
		};
/* End PBXNativeTarget section */

/* Begin PBXProject section */
		82FF5B14229766A7004653A9 /* Project object */ = {
			isa = PBXProject;
			attributes = {
				LastSwiftUpdateCheck = 1020;
				LastUpgradeCheck = 1020;
				ORGANIZATIONNAME = "Niwot Software, LLC";
				TargetAttributes = {
					82FF5B1B229766A7004653A9 = {
						CreatedOnToolsVersion = 10.2.1;
					};
					82FF5B2F229766A9004653A9 = {
						CreatedOnToolsVersion = 10.2.1;
						TestTargetID = 82FF5B1B229766A7004653A9;
					};
				};
			};
			buildConfigurationList = 82FF5B17229766A7004653A9 /* Build configuration list for PBXProject "303Evaluation" */;
			compatibilityVersion = "Xcode 9.3";
			developmentRegion = en;
			hasScannedForEncodings = 0;
			knownRegions = (
				en,
				Base,
			);
			mainGroup = 82FF5B13229766A7004653A9;
			productRefGroup = 82FF5B1D229766A8004653A9 /* Products */;
			projectDirPath = "";
			projectRoot = "";
			targets = (
				82FF5B1B229766A7004653A9 /* 303Evaluation */,
				82FF5B2F229766A9004653A9 /* 303EvaluationTests */,
			);
		};
/* End PBXProject section */

/* Begin PBXResourcesBuildPhase section */
		82FF5B1A229766A7004653A9 /* Resources */ = {
			isa = PBXResourcesBuildPhase;
			buildActionMask = 2147483647;
			files = (
				82FF5B2A229766A9004653A9 /* LaunchScreen.storyboard in Resources */,
				82FF5B27229766A9004653A9 /* Assets.xcassets in Resources */,
				82FF5B25229766A8004653A9 /* Main.storyboard in Resources */,
			);
			runOnlyForDeploymentPostprocessing = 0;
		};
		82FF5B2E229766A9004653A9 /* Resources */ = {
			isa = PBXResourcesBuildPhase;
			buildActionMask = 2147483647;
			files = (
			);
			runOnlyForDeploymentPostprocessing = 0;
		};
/* End PBXResourcesBuildPhase section */

/* Begin PBXShellScriptBuildPhase section */
		35407A7706E85902CB79E236 /* [CP] Embed Pods Frameworks */ = {
			isa = PBXShellScriptBuildPhase;
			buildActionMask = 2147483647;
			files = (
			);
			inputFileListPaths = (
			);
			inputPaths = (
				"${PODS_ROOT}/Target Support Files/Pods-303Evaluation/Pods-303Evaluation-frameworks.sh",
				"${BUILT_PRODUCTS_DIR}/Alamofire/Alamofire.framework",
				"${BUILT_PRODUCTS_DIR}/AlamofireImage/AlamofireImage.framework",
				"${BUILT_PRODUCTS_DIR}/AlamofireNetworkActivityIndicator/AlamofireNetworkActivityIndicator.framework",
			);
			name = "[CP] Embed Pods Frameworks";
			outputFileListPaths = (
			);
			outputPaths = (
				"${TARGET_BUILD_DIR}/${FRAMEWORKS_FOLDER_PATH}/Alamofire.framework",
				"${TARGET_BUILD_DIR}/${FRAMEWORKS_FOLDER_PATH}/AlamofireImage.framework",
				"${TARGET_BUILD_DIR}/${FRAMEWORKS_FOLDER_PATH}/AlamofireNetworkActivityIndicator.framework",
			);
			runOnlyForDeploymentPostprocessing = 0;
			shellPath = /bin/sh;
			shellScript = "\"${PODS_ROOT}/Target Support Files/Pods-303Evaluation/Pods-303Evaluation-frameworks.sh\"\n";
			showEnvVarsInLog = 0;
		};
		BA4BDDE72AFCDD7B11DFD350 /* [CP] Check Pods Manifest.lock */ = {
			isa = PBXShellScriptBuildPhase;
			buildActionMask = 2147483647;
			files = (
			);
			inputFileListPaths = (
			);
			inputPaths = (
				"${PODS_PODFILE_DIR_PATH}/Podfile.lock",
				"${PODS_ROOT}/Manifest.lock",
			);
			name = "[CP] Check Pods Manifest.lock";
			outputFileListPaths = (
			);
			outputPaths = (
				"$(DERIVED_FILE_DIR)/Pods-303Evaluation-checkManifestLockResult.txt",
			);
			runOnlyForDeploymentPostprocessing = 0;
			shellPath = /bin/sh;
			shellScript = "diff \"${PODS_PODFILE_DIR_PATH}/Podfile.lock\" \"${PODS_ROOT}/Manifest.lock\" > /dev/null\nif [ $? != 0 ] ; then\n    # print error to STDERR\n    echo \"error: The sandbox is not in sync with the Podfile.lock. Run 'pod install' or update your CocoaPods installation.\" >&2\n    exit 1\nfi\n# This output is used by Xcode 'outputs' to avoid re-running this script phase.\necho \"SUCCESS\" > \"${SCRIPT_OUTPUT_FILE_0}\"\n";
			showEnvVarsInLog = 0;
		};
/* End PBXShellScriptBuildPhase section */

/* Begin PBXSourcesBuildPhase section */
		82FF5B18229766A7004653A9 /* Sources */ = {
			isa = PBXSourcesBuildPhase;
			buildActionMask = 2147483647;
			files = (
				828A42852297726F00C2BCD7 /* JSONRestService.swift in Sources */,
				82FF5B40229766D7004653A9 /* AppModel.swift in Sources */,
				828A42872297789C00C2BCD7 /* PeopleTableViewController.swift in Sources */,
				828A42892297817B00C2BCD7 /* PersonTableViewCell.swift in Sources */,
				82FF5B20229766A8004653A9 /* AppDelegate.swift in Sources */,
			);
			runOnlyForDeploymentPostprocessing = 0;
		};
		82FF5B2C229766A9004653A9 /* Sources */ = {
			isa = PBXSourcesBuildPhase;
			buildActionMask = 2147483647;
			files = (
				82FF5B35229766A9004653A9 /* _03EvaluationTests.swift in Sources */,
			);
			runOnlyForDeploymentPostprocessing = 0;
		};
/* End PBXSourcesBuildPhase section */

/* Begin PBXTargetDependency section */
		82FF5B32229766A9004653A9 /* PBXTargetDependency */ = {
			isa = PBXTargetDependency;
			target = 82FF5B1B229766A7004653A9 /* 303Evaluation */;
			targetProxy = 82FF5B31229766A9004653A9 /* PBXContainerItemProxy */;
		};
/* End PBXTargetDependency section */

/* Begin PBXVariantGroup section */
		82FF5B23229766A8004653A9 /* Main.storyboard */ = {
			isa = PBXVariantGroup;
			children = (
				82FF5B24229766A8004653A9 /* Base */,
			);
			name = Main.storyboard;
			sourceTree = "<group>";
		};
		82FF5B28229766A9004653A9 /* LaunchScreen.storyboard */ = {
			isa = PBXVariantGroup;
			children = (
				82FF5B29229766A9004653A9 /* Base */,
			);
			name = LaunchScreen.storyboard;
			sourceTree = "<group>";
		};
/* End PBXVariantGroup section */

/* Begin XCBuildConfiguration section */
		82FF5B37229766AA004653A9 /* Debug */ = {
			isa = XCBuildConfiguration;
			buildSettings = {
				ALWAYS_SEARCH_USER_PATHS = NO;
				CLANG_ANALYZER_NONNULL = YES;
				CLANG_ANALYZER_NUMBER_OBJECT_CONVERSION = YES_AGGRESSIVE;
				CLANG_CXX_LANGUAGE_STANDARD = "gnu++14";
				CLANG_CXX_LIBRARY = "libc++";
				CLANG_ENABLE_MODULES = YES;
				CLANG_ENABLE_OBJC_ARC = YES;
				CLANG_ENABLE_OBJC_WEAK = YES;
				CLANG_WARN_BLOCK_CAPTURE_AUTORELEASING = YES;
				CLANG_WARN_BOOL_CONVERSION = YES;
				CLANG_WARN_COMMA = YES;
				CLANG_WARN_CONSTANT_CONVERSION = YES;
				CLANG_WARN_DEPRECATED_OBJC_IMPLEMENTATIONS = YES;
				CLANG_WARN_DIRECT_OBJC_ISA_USAGE = YES_ERROR;
				CLANG_WARN_DOCUMENTATION_COMMENTS = YES;
				CLANG_WARN_EMPTY_BODY = YES;
				CLANG_WARN_ENUM_CONVERSION = YES;
				CLANG_WARN_INFINITE_RECURSION = YES;
				CLANG_WARN_INT_CONVERSION = YES;
				CLANG_WARN_NON_LITERAL_NULL_CONVERSION = YES;
				CLANG_WARN_OBJC_IMPLICIT_RETAIN_SELF = YES;
				CLANG_WARN_OBJC_LITERAL_CONVERSION = YES;
				CLANG_WARN_OBJC_ROOT_CLASS = YES_ERROR;
				CLANG_WARN_RANGE_LOOP_ANALYSIS = YES;
				CLANG_WARN_STRICT_PROTOTYPES = YES;
				CLANG_WARN_SUSPICIOUS_MOVE = YES;
				CLANG_WARN_UNGUARDED_AVAILABILITY = YES_AGGRESSIVE;
				CLANG_WARN_UNREACHABLE_CODE = YES;
				CLANG_WARN__DUPLICATE_METHOD_MATCH = YES;
				CODE_SIGN_IDENTITY = "iPhone Developer";
				COPY_PHASE_STRIP = NO;
				DEBUG_INFORMATION_FORMAT = dwarf;
				ENABLE_STRICT_OBJC_MSGSEND = YES;
				ENABLE_TESTABILITY = YES;
				GCC_C_LANGUAGE_STANDARD = gnu11;
				GCC_DYNAMIC_NO_PIC = NO;
				GCC_NO_COMMON_BLOCKS = YES;
				GCC_OPTIMIZATION_LEVEL = 0;
				GCC_PREPROCESSOR_DEFINITIONS = (
					"DEBUG=1",
					"$(inherited)",
				);
				GCC_WARN_64_TO_32_BIT_CONVERSION = YES;
				GCC_WARN_ABOUT_RETURN_TYPE = YES_ERROR;
				GCC_WARN_UNDECLARED_SELECTOR = YES;
				GCC_WARN_UNINITIALIZED_AUTOS = YES_AGGRESSIVE;
				GCC_WARN_UNUSED_FUNCTION = YES;
				GCC_WARN_UNUSED_VARIABLE = YES;
				IPHONEOS_DEPLOYMENT_TARGET = 12.2;
				MTL_ENABLE_DEBUG_INFO = INCLUDE_SOURCE;
				MTL_FAST_MATH = YES;
				ONLY_ACTIVE_ARCH = YES;
				SDKROOT = iphoneos;
				SWIFT_ACTIVE_COMPILATION_CONDITIONS = DEBUG;
				SWIFT_OPTIMIZATION_LEVEL = "-Onone";
			};
			name = Debug;
		};
		82FF5B38229766AA004653A9 /* Release */ = {
			isa = XCBuildConfiguration;
			buildSettings = {
				ALWAYS_SEARCH_USER_PATHS = NO;
				CLANG_ANALYZER_NONNULL = YES;
				CLANG_ANALYZER_NUMBER_OBJECT_CONVERSION = YES_AGGRESSIVE;
				CLANG_CXX_LANGUAGE_STANDARD = "gnu++14";
				CLANG_CXX_LIBRARY = "libc++";
				CLANG_ENABLE_MODULES = YES;
				CLANG_ENABLE_OBJC_ARC = YES;
				CLANG_ENABLE_OBJC_WEAK = YES;
				CLANG_WARN_BLOCK_CAPTURE_AUTORELEASING = YES;
				CLANG_WARN_BOOL_CONVERSION = YES;
				CLANG_WARN_COMMA = YES;
				CLANG_WARN_CONSTANT_CONVERSION = YES;
				CLANG_WARN_DEPRECATED_OBJC_IMPLEMENTATIONS = YES;
				CLANG_WARN_DIRECT_OBJC_ISA_USAGE = YES_ERROR;
				CLANG_WARN_DOCUMENTATION_COMMENTS = YES;
				CLANG_WARN_EMPTY_BODY = YES;
				CLANG_WARN_ENUM_CONVERSION = YES;
				CLANG_WARN_INFINITE_RECURSION = YES;
				CLANG_WARN_INT_CONVERSION = YES;
				CLANG_WARN_NON_LITERAL_NULL_CONVERSION = YES;
				CLANG_WARN_OBJC_IMPLICIT_RETAIN_SELF = YES;
				CLANG_WARN_OBJC_LITERAL_CONVERSION = YES;
				CLANG_WARN_OBJC_ROOT_CLASS = YES_ERROR;
				CLANG_WARN_RANGE_LOOP_ANALYSIS = YES;
				CLANG_WARN_STRICT_PROTOTYPES = YES;
				CLANG_WARN_SUSPICIOUS_MOVE = YES;
				CLANG_WARN_UNGUARDED_AVAILABILITY = YES_AGGRESSIVE;
				CLANG_WARN_UNREACHABLE_CODE = YES;
				CLANG_WARN__DUPLICATE_METHOD_MATCH = YES;
				CODE_SIGN_IDENTITY = "iPhone Developer";
				COPY_PHASE_STRIP = NO;
				DEBUG_INFORMATION_FORMAT = "dwarf-with-dsym";
				ENABLE_NS_ASSERTIONS = NO;
				ENABLE_STRICT_OBJC_MSGSEND = YES;
				GCC_C_LANGUAGE_STANDARD = gnu11;
				GCC_NO_COMMON_BLOCKS = YES;
				GCC_WARN_64_TO_32_BIT_CONVERSION = YES;
				GCC_WARN_ABOUT_RETURN_TYPE = YES_ERROR;
				GCC_WARN_UNDECLARED_SELECTOR = YES;
				GCC_WARN_UNINITIALIZED_AUTOS = YES_AGGRESSIVE;
				GCC_WARN_UNUSED_FUNCTION = YES;
				GCC_WARN_UNUSED_VARIABLE = YES;
				IPHONEOS_DEPLOYMENT_TARGET = 12.2;
				MTL_ENABLE_DEBUG_INFO = NO;
				MTL_FAST_MATH = YES;
				SDKROOT = iphoneos;
				SWIFT_COMPILATION_MODE = wholemodule;
				SWIFT_OPTIMIZATION_LEVEL = "-O";
				VALIDATE_PRODUCT = YES;
			};
			name = Release;
		};
		82FF5B3A229766AA004653A9 /* Debug */ = {
			isa = XCBuildConfiguration;
			baseConfigurationReference = 5AD882BC09A01B0CC6785786 /* Pods-303Evaluation.debug.xcconfig */;
			buildSettings = {
				ASSETCATALOG_COMPILER_APPICON_NAME = AppIcon;
				CODE_SIGN_STYLE = Automatic;
				DEVELOPMENT_TEAM = LB69H5W3HZ;
				INFOPLIST_FILE = 303Evaluation/Info.plist;
				LD_RUNPATH_SEARCH_PATHS = (
					"$(inherited)",
					"@executable_path/Frameworks",
				);
				PRODUCT_BUNDLE_IDENTIFIER = "com.niwotsoftware.-03Evaluation";
				PRODUCT_NAME = "$(TARGET_NAME)";
				SWIFT_VERSION = 5.0;
				TARGETED_DEVICE_FAMILY = "1,2";
			};
			name = Debug;
		};
		82FF5B3B229766AA004653A9 /* Release */ = {
			isa = XCBuildConfiguration;
			baseConfigurationReference = 04A2E151D3FB1EEB289C51F9 /* Pods-303Evaluation.release.xcconfig */;
			buildSettings = {
				ASSETCATALOG_COMPILER_APPICON_NAME = AppIcon;
				CODE_SIGN_STYLE = Automatic;
				DEVELOPMENT_TEAM = LB69H5W3HZ;
				INFOPLIST_FILE = 303Evaluation/Info.plist;
				LD_RUNPATH_SEARCH_PATHS = (
					"$(inherited)",
					"@executable_path/Frameworks",
				);
				PRODUCT_BUNDLE_IDENTIFIER = "com.niwotsoftware.-03Evaluation";
				PRODUCT_NAME = "$(TARGET_NAME)";
				SWIFT_VERSION = 5.0;
				TARGETED_DEVICE_FAMILY = "1,2";
			};
			name = Release;
		};
		82FF5B3D229766AA004653A9 /* Debug */ = {
			isa = XCBuildConfiguration;
			buildSettings = {
				ALWAYS_EMBED_SWIFT_STANDARD_LIBRARIES = YES;
				BUNDLE_LOADER = "$(TEST_HOST)";
				CODE_SIGN_STYLE = Automatic;
				DEVELOPMENT_TEAM = LB69H5W3HZ;
				INFOPLIST_FILE = 303EvaluationTests/Info.plist;
				LD_RUNPATH_SEARCH_PATHS = (
					"$(inherited)",
					"@executable_path/Frameworks",
					"@loader_path/Frameworks",
				);
				PRODUCT_BUNDLE_IDENTIFIER = "com.niwotsoftware.-03EvaluationTests";
				PRODUCT_NAME = "$(TARGET_NAME)";
				SWIFT_VERSION = 5.0;
				TARGETED_DEVICE_FAMILY = "1,2";
				TEST_HOST = "$(BUILT_PRODUCTS_DIR)/303Evaluation.app/303Evaluation";
			};
			name = Debug;
		};
		82FF5B3E229766AA004653A9 /* Release */ = {
			isa = XCBuildConfiguration;
			buildSettings = {
				ALWAYS_EMBED_SWIFT_STANDARD_LIBRARIES = YES;
				BUNDLE_LOADER = "$(TEST_HOST)";
				CODE_SIGN_STYLE = Automatic;
				DEVELOPMENT_TEAM = LB69H5W3HZ;
				INFOPLIST_FILE = 303EvaluationTests/Info.plist;
				LD_RUNPATH_SEARCH_PATHS = (
					"$(inherited)",
					"@executable_path/Frameworks",
					"@loader_path/Frameworks",
				);
				PRODUCT_BUNDLE_IDENTIFIER = "com.niwotsoftware.-03EvaluationTests";
				PRODUCT_NAME = "$(TARGET_NAME)";
				SWIFT_VERSION = 5.0;
				TARGETED_DEVICE_FAMILY = "1,2";
				TEST_HOST = "$(BUILT_PRODUCTS_DIR)/303Evaluation.app/303Evaluation";
			};
			name = Release;
		};
/* End XCBuildConfiguration section */

/* Begin XCConfigurationList section */
		82FF5B17229766A7004653A9 /* Build configuration list for PBXProject "303Evaluation" */ = {
			isa = XCConfigurationList;
			buildConfigurations = (
				82FF5B37229766AA004653A9 /* Debug */,
				82FF5B38229766AA004653A9 /* Release */,
			);
			defaultConfigurationIsVisible = 0;
			defaultConfigurationName = Release;
		};
		82FF5B39229766AA004653A9 /* Build configuration list for PBXNativeTarget "303Evaluation" */ = {
			isa = XCConfigurationList;
			buildConfigurations = (
				82FF5B3A229766AA004653A9 /* Debug */,
				82FF5B3B229766AA004653A9 /* Release */,
			);
			defaultConfigurationIsVisible = 0;
			defaultConfigurationName = Release;
		};
		82FF5B3C229766AA004653A9 /* Build configuration list for PBXNativeTarget "303EvaluationTests" */ = {
			isa = XCConfigurationList;
			buildConfigurations = (
				82FF5B3D229766AA004653A9 /* Debug */,
				82FF5B3E229766AA004653A9 /* Release */,
			);
			defaultConfigurationIsVisible = 0;
			defaultConfigurationName = Release;
		};
/* End XCConfigurationList section */
	};
	rootObject = 82FF5B14229766A7004653A9 /* Project object */;
}
